// !$*UTF8*$!
{
	archiveVersion = 1;
	classes = {
	};
	objectVersion = 46;
	objects = {

/* Begin PBXBuildFile section */
		7B2BB4B81F345E9400DD3EAC /* AppDelegate.swift in Sources */ = {isa = PBXBuildFile; fileRef = 7B2BB4B71F345E9400DD3EAC /* AppDelegate.swift */; };
		7B2BB4BA1F345E9400DD3EAC /* ViewController.swift in Sources */ = {isa = PBXBuildFile; fileRef = 7B2BB4B91F345E9400DD3EAC /* ViewController.swift */; };
		7B2BB4BC1F345E9400DD3EAC /* Assets.xcassets in Resources */ = {isa = PBXBuildFile; fileRef = 7B2BB4BB1F345E9400DD3EAC /* Assets.xcassets */; };
		7B2BB4BF1F345E9400DD3EAC /* Main.storyboard in Resources */ = {isa = PBXBuildFile; fileRef = 7B2BB4BD1F345E9400DD3EAC /* Main.storyboard */; };
		7B2BB4C71F345F2800DD3EAC /* CryptoMonitor.swift in Sources */ = {isa = PBXBuildFile; fileRef = 7B2BB4C61F345F2800DD3EAC /* CryptoMonitor.swift */; };
		7B2BB4C91F345FC100DD3EAC /* StatusItemView.swift in Sources */ = {isa = PBXBuildFile; fileRef = 7B2BB4C81F345FC100DD3EAC /* StatusItemView.swift */; };
		7B2BB4CB1F345FE200DD3EAC /* SystemThemeChangeHelper.swift in Sources */ = {isa = PBXBuildFile; fileRef = 7B2BB4CA1F345FE200DD3EAC /* SystemThemeChangeHelper.swift */; };
/* End PBXBuildFile section */

/* Begin PBXFileReference section */
		7B2BB4B41F345E9400DD3EAC /* CryptoSpace.app */ = {isa = PBXFileReference; explicitFileType = wrapper.application; includeInIndex = 0; path = CryptoSpace.app; sourceTree = BUILT_PRODUCTS_DIR; };
		7B2BB4B71F345E9400DD3EAC /* AppDelegate.swift */ = {isa = PBXFileReference; lastKnownFileType = sourcecode.swift; path = AppDelegate.swift; sourceTree = "<group>"; };
		7B2BB4B91F345E9400DD3EAC /* ViewController.swift */ = {isa = PBXFileReference; lastKnownFileType = sourcecode.swift; path = ViewController.swift; sourceTree = "<group>"; };
		7B2BB4BB1F345E9400DD3EAC /* Assets.xcassets */ = {isa = PBXFileReference; lastKnownFileType = folder.assetcatalog; path = Assets.xcassets; sourceTree = "<group>"; };
		7B2BB4BE1F345E9400DD3EAC /* Base */ = {isa = PBXFileReference; lastKnownFileType = file.storyboard; name = Base; path = Base.lproj/Main.storyboard; sourceTree = "<group>"; };
		7B2BB4C01F345E9400DD3EAC /* Info.plist */ = {isa = PBXFileReference; lastKnownFileType = text.plist.xml; path = Info.plist; sourceTree = "<group>"; };
		7B2BB4C61F345F2800DD3EAC /* CryptoMonitor.swift */ = {isa = PBXFileReference; fileEncoding = 4; lastKnownFileType = sourcecode.swift; path = CryptoMonitor.swift; sourceTree = "<group>"; };
		7B2BB4C81F345FC100DD3EAC /* StatusItemView.swift */ = {isa = PBXFileReference; fileEncoding = 4; lastKnownFileType = sourcecode.swift; path = StatusItemView.swift; sourceTree = "<group>"; };
		7B2BB4CA1F345FE200DD3EAC /* SystemThemeChangeHelper.swift */ = {isa = PBXFileReference; fileEncoding = 4; lastKnownFileType = sourcecode.swift; path = SystemThemeChangeHelper.swift; sourceTree = "<group>"; };
/* End PBXFileReference section */

/* Begin PBXFrameworksBuildPhase section */
		7B2BB4B11F345E9400DD3EAC /* Frameworks */ = {
			isa = PBXFrameworksBuildPhase;
			buildActionMask = 2147483647;
			files = (
			);
			runOnlyForDeploymentPostprocessing = 0;
		};
/* End PBXFrameworksBuildPhase section */

/* Begin PBXGroup section */
		7B2BB4AB1F345E9400DD3EAC = {
			isa = PBXGroup;
			children = (
				7B2BB4B61F345E9400DD3EAC /* CryptoSpace */,
				7B2BB4B51F345E9400DD3EAC /* Products */,
			);
			sourceTree = "<group>";
		};
		7B2BB4B51F345E9400DD3EAC /* Products */ = {
			isa = PBXGroup;
			children = (
				7B2BB4B41F345E9400DD3EAC /* CryptoSpace.app */,
			);
			name = Products;
			sourceTree = "<group>";
		};
		7B2BB4B61F345E9400DD3EAC /* CryptoSpace */ = {
			isa = PBXGroup;
			children = (
				7B2BB4B71F345E9400DD3EAC /* AppDelegate.swift */,
				7B2BB4C61F345F2800DD3EAC /* CryptoMonitor.swift */,
				7B2BB4C81F345FC100DD3EAC /* StatusItemView.swift */,
				7B2BB4CA1F345FE200DD3EAC /* SystemThemeChangeHelper.swift */,
				7B2BB4B91F345E9400DD3EAC /* ViewController.swift */,
				7B2BB4BB1F345E9400DD3EAC /* Assets.xcassets */,
				7B2BB4BD1F345E9400DD3EAC /* Main.storyboard */,
				7B2BB4C01F345E9400DD3EAC /* Info.plist */,
			);
			path = CryptoSpace;
			sourceTree = "<group>";
		};
/* End PBXGroup section */

/* Begin PBXNativeTarget section */
		7B2BB4B31F345E9400DD3EAC /* CryptoSpace */ = {
			isa = PBXNativeTarget;
			buildConfigurationList = 7B2BB4C31F345E9400DD3EAC /* Build configuration list for PBXNativeTarget "CryptoSpace" */;
			buildPhases = (
				7B2BB4B01F345E9400DD3EAC /* Sources */,
				7B2BB4B11F345E9400DD3EAC /* Frameworks */,
				7B2BB4B21F345E9400DD3EAC /* Resources */,
			);
			buildRules = (
			);
			dependencies = (
			);
			name = CryptoSpace;
			productName = CryptoSpace;
			productReference = 7B2BB4B41F345E9400DD3EAC /* CryptoSpace.app */;
			productType = "com.apple.product-type.application";
		};
/* End PBXNativeTarget section */

/* Begin PBXProject section */
		7B2BB4AC1F345E9400DD3EAC /* Project object */ = {
			isa = PBXProject;
			attributes = {
				LastSwiftUpdateCheck = 0830;
				LastUpgradeCheck = 0830;
				ORGANIZATIONNAME = Finnomena;
				TargetAttributes = {
					7B2BB4B31F345E9400DD3EAC = {
						CreatedOnToolsVersion = 8.3.3;
						DevelopmentTeam = GBG6CR6BMX;
						ProvisioningStyle = Automatic;
					};
				};
			};
			buildConfigurationList = 7B2BB4AF1F345E9400DD3EAC /* Build configuration list for PBXProject "CryptoSpace" */;
			compatibilityVersion = "Xcode 3.2";
			developmentRegion = English;
			hasScannedForEncodings = 0;
			knownRegions = (
				en,
				Base,
			);
			mainGroup = 7B2BB4AB1F345E9400DD3EAC;
			productRefGroup = 7B2BB4B51F345E9400DD3EAC /* Products */;
			projectDirPath = "";
			projectRoot = "";
			targets = (
				7B2BB4B31F345E9400DD3EAC /* CryptoSpace */,
			);
		};
/* End PBXProject section */

/* Begin PBXResourcesBuildPhase section */
		7B2BB4B21F345E9400DD3EAC /* Resources */ = {
			isa = PBXResourcesBuildPhase;
			buildActionMask = 2147483647;
			files = (
				7B2BB4BC1F345E9400DD3EAC /* Assets.xcassets in Resources */,
				7B2BB4BF1F345E9400DD3EAC /* Main.storyboard in Resources */,
			);
			runOnlyForDeploymentPostprocessing = 0;
		};
/* End PBXResourcesBuildPhase section */

/* Begin PBXSourcesBuildPhase section */
		7B2BB4B01F345E9400DD3EAC /* Sources */ = {
			isa = PBXSourcesBuildPhase;
			buildActionMask = 2147483647;
			files = (
				7B2BB4CB1F345FE200DD3EAC /* SystemThemeChangeHelper.swift in Sources */,
				7B2BB4BA1F345E9400DD3EAC /* ViewController.swift in Sources */,
				7B2BB4C91F345FC100DD3EAC /* StatusItemView.swift in Sources */,
				7B2BB4C71F345F2800DD3EAC /* CryptoMonitor.swift in Sources */,
				7B2BB4B81F345E9400DD3EAC /* AppDelegate.swift in Sources */,
			);
			runOnlyForDeploymentPostprocessing = 0;
		};
/* End PBXSourcesBuildPhase section */

/* Begin PBXVariantGroup section */
		7B2BB4BD1F345E9400DD3EAC /* Main.storyboard */ = {
			isa = PBXVariantGroup;
			children = (
				7B2BB4BE1F345E9400DD3EAC /* Base */,
			);
			name = Main.storyboard;
			sourceTree = "<group>";
		};
/* End PBXVariantGroup section */

/* Begin XCBuildConfiguration section */
		7B2BB4C11F345E9400DD3EAC /* Debug */ = {
			isa = XCBuildConfiguration;
			buildSettings = {
				ALWAYS_SEARCH_USER_PATHS = NO;
				CLANG_ANALYZER_NONNULL = YES;
				CLANG_ANALYZER_NUMBER_OBJECT_CONVERSION = YES_AGGRESSIVE;
				CLANG_CXX_LANGUAGE_STANDARD = "gnu++0x";
				CLANG_CXX_LIBRARY = "libc++";
				CLANG_ENABLE_MODULES = YES;
				CLANG_ENABLE_OBJC_ARC = YES;
				CLANG_WARN_BOOL_CONVERSION = YES;
				CLANG_WARN_CONSTANT_CONVERSION = YES;
				CLANG_WARN_DIRECT_OBJC_ISA_USAGE = YES_ERROR;
				CLANG_WARN_DOCUMENTATION_COMMENTS = YES;
				CLANG_WARN_EMPTY_BODY = YES;
				CLANG_WARN_ENUM_CONVERSION = YES;
				CLANG_WARN_INFINITE_RECURSION = YES;
				CLANG_WARN_INT_CONVERSION = YES;
				CLANG_WARN_OBJC_ROOT_CLASS = YES_ERROR;
				CLANG_WARN_SUSPICIOUS_MOVE = YES;
				CLANG_WARN_UNREACHABLE_CODE = YES;
				CLANG_WARN__DUPLICATE_METHOD_MATCH = YES;
				CODE_SIGN_IDENTITY = "-";
				COPY_PHASE_STRIP = NO;
				DEBUG_INFORMATION_FORMAT = dwarf;
				ENABLE_STRICT_OBJC_MSGSEND = YES;
				ENABLE_TESTABILITY = YES;
				GCC_C_LANGUAGE_STANDARD = gnu99;
				GCC_DYNAMIC_NO_PIC = NO;
				GCC_NO_COMMON_BLOCKS = YES;
				GCC_OPTIMIZATION_LEVEL = 0;
				GCC_PREPROCESSOR_DEFINITIONS = (
					"DEBUG=1",
					"$(inherited)",
				);
				GCC_WARN_64_TO_32_BIT_CONVERSION = YES;
				GCC_WARN_ABOUT_RETURN_TYPE = YES_ERROR;
				GCC_WARN_UNDECLARED_SELECTOR = YES;
				GCC_WARN_UNINITIALIZED_AUTOS = YES_AGGRESSIVE;
				GCC_WARN_UNUSED_FUNCTION = YES;
				GCC_WARN_UNUSED_VARIABLE = YES;
				MACOSX_DEPLOYMENT_TARGET = 10.12;
				MTL_ENABLE_DEBUG_INFO = YES;
				ONLY_ACTIVE_ARCH = YES;
				SDKROOT = macosx;
				SWIFT_ACTIVE_COMPILATION_CONDITIONS = DEBUG;
				SWIFT_OPTIMIZATION_LEVEL = "-Onone";
			};
			name = Debug;
		};
		7B2BB4C21F345E9400DD3EAC /* Release */ = {
			isa = XCBuildConfiguration;
			buildSettings = {
				ALWAYS_SEARCH_USER_PATHS = NO;
				CLANG_ANALYZER_NONNULL = YES;
				CLANG_ANALYZER_NUMBER_OBJECT_CONVERSION = YES_AGGRESSIVE;
				CLANG_CXX_LANGUAGE_STANDARD = "gnu++0x";
				CLANG_CXX_LIBRARY = "libc++";
				CLANG_ENABLE_MODULES = YES;
				CLANG_ENABLE_OBJC_ARC = YES;
				CLANG_WARN_BOOL_CONVERSION = YES;
				CLANG_WARN_CONSTANT_CONVERSION = YES;
				CLANG_WARN_DIRECT_OBJC_ISA_USAGE = YES_ERROR;
				CLANG_WARN_DOCUMENTATION_COMMENTS = YES;
				CLANG_WARN_EMPTY_BODY = YES;
				CLANG_WARN_ENUM_CONVERSION = YES;
				CLANG_WARN_INFINITE_RECURSION = YES;
				CLANG_WARN_INT_CONVERSION = YES;
				CLANG_WARN_OBJC_ROOT_CLASS = YES_ERROR;
				CLANG_WARN_SUSPICIOUS_MOVE = YES;
				CLANG_WARN_UNREACHABLE_CODE = YES;
				CLANG_WARN__DUPLICATE_METHOD_MATCH = YES;
				CODE_SIGN_IDENTITY = "-";
				COPY_PHASE_STRIP = NO;
				DEBUG_INFORMATION_FORMAT = "dwarf-with-dsym";
				ENABLE_NS_ASSERTIONS = NO;
				ENABLE_STRICT_OBJC_MSGSEND = YES;
				GCC_C_LANGUAGE_STANDARD = gnu99;
				GCC_NO_COMMON_BLOCKS = YES;
				GCC_WARN_64_TO_32_BIT_CONVERSION = YES;
				GCC_WARN_ABOUT_RETURN_TYPE = YES_ERROR;
				GCC_WARN_UNDECLARED_SELECTOR = YES;
				GCC_WARN_UNINITIALIZED_AUTOS = YES_AGGRESSIVE;
				GCC_WARN_UNUSED_FUNCTION = YES;
				GCC_WARN_UNUSED_VARIABLE = YES;
				MACOSX_DEPLOYMENT_TARGET = 10.12;
				MTL_ENABLE_DEBUG_INFO = NO;
				SDKROOT = macosx;
				SWIFT_OPTIMIZATION_LEVEL = "-Owholemodule";
			};
			name = Release;
		};
		7B2BB4C41F345E9400DD3EAC /* Debug */ = {
			isa = XCBuildConfiguration;
			buildSettings = {
				ASSETCATALOG_COMPILER_APPICON_NAME = AppIcon;
				COMBINE_HIDPI_IMAGES = YES;
				DEVELOPMENT_TEAM = GBG6CR6BMX;
				INFOPLIST_FILE = CryptoSpace/Info.plist;
				LD_RUNPATH_SEARCH_PATHS = "$(inherited) @executable_path/../Frameworks";
				MACOSX_DEPLOYMENT_TARGET = 10.10;
				PRODUCT_BUNDLE_IDENTIFIER = com.finnomena.CryptoSpace;
				PRODUCT_NAME = "$(TARGET_NAME)";
				SWIFT_VERSION = 3.0;
			};
			name = Debug;
		};
		7B2BB4C51F345E9400DD3EAC /* Release */ = {
			isa = XCBuildConfiguration;
			buildSettings = {
				ASSETCATALOG_COMPILER_APPICON_NAME = AppIcon;
				COMBINE_HIDPI_IMAGES = YES;
				DEVELOPMENT_TEAM = GBG6CR6BMX;
				INFOPLIST_FILE = CryptoSpace/Info.plist;
				LD_RUNPATH_SEARCH_PATHS = "$(inherited) @executable_path/../Frameworks";
				MACOSX_DEPLOYMENT_TARGET = 10.10;
				PRODUCT_BUNDLE_IDENTIFIER = com.finnomena.CryptoSpace;
				PRODUCT_NAME = "$(TARGET_NAME)";
				SWIFT_VERSION = 3.0;
			};
			name = Release;
		};
/* End XCBuildConfiguration section */

/* Begin XCConfigurationList section */
		7B2BB4AF1F345E9400DD3EAC /* Build configuration list for PBXProject "CryptoSpace" */ = {
			isa = XCConfigurationList;
			buildConfigurations = (
				7B2BB4C11F345E9400DD3EAC /* Debug */,
				7B2BB4C21F345E9400DD3EAC /* Release */,
			);
			defaultConfigurationIsVisible = 0;
			defaultConfigurationName = Release;
		};
		7B2BB4C31F345E9400DD3EAC /* Build configuration list for PBXNativeTarget "CryptoSpace" */ = {
			isa = XCConfigurationList;
			buildConfigurations = (
				7B2BB4C41F345E9400DD3EAC /* Debug */,
				7B2BB4C51F345E9400DD3EAC /* Release */,
			);
			defaultConfigurationIsVisible = 0;
		};
/* End XCConfigurationList section */
	};
	rootObject = 7B2BB4AC1F345E9400DD3EAC /* Project object */;
}
